<?xml version="1.0" encoding="UTF-8"?>
<CONFIG>
  <ProjectOptions>
    <Version Value="11"/>
    <PathDelim Value="\"/>
    <General>
      <SessionStorage Value="InProjectDir"/>
      <MainUnit Value="0"/>
      <Title Value="ATS-NFe Nota Fiscal Eletrônica"/>
      <Scaled Value="True"/>
      <ResourceType Value="res"/>
      <UseXPManifest Value="True"/>
      <XPManifest>
        <DpiAware Value="True"/>
        <TextName Value="ATSTi.ATSAdmin.NFe"/>
        <TextDesc Value="Solução para nota fiscal eletrônica."/>
      </XPManifest>
      <Icon Value="0"/>
    </General>
    <VersionInfo>
      <UseVersionInfo Value="True"/>
      <AutoIncrementBuild Value="True"/>
      <MajorVersionNr Value="1"/>
      <BuildNr Value="6"/>
      <Language Value="0416"/>
      <StringTable Comments="Nota Fiscal Eletrônica" CompanyName="ATS Ti Soluções" FileDescription="Envio de Nota Fiscal Eletrônica" LegalCopyright="ATS Soluções"/>
    </VersionInfo>
    <BuildModes Count="1">
      <Item1 Name="Default" Default="True"/>
    </BuildModes>
    <PublishOptions>
      <Version Value="2"/>
      <UseFileFilters Value="True"/>
    </PublishOptions>
    <RunParams>
      <FormatVersion Value="2"/>
      <Modes Count="0"/>
    </RunParams>
    <RequiredPackages Count="9">
      <Item1>
        <PackageName Value="ACBr_Integrador"/>
      </Item1>
      <Item2>
        <PackageName Value="SynEdit"/>
      </Item2>
      <Item3>
        <PackageName Value="ACBrTCP"/>
      </Item3>
      <Item4>
        <PackageName Value="ACBr_NFe_DanfeRL"/>
      </Item4>
      <Item5>
        <PackageName Value="ACBrDiversos"/>
      </Item5>
      <Item6>
        <PackageName Value="ACBr_NFe"/>
      </Item6>
      <Item7>
        <PackageName Value="DateTimeCtrls"/>
      </Item7>
      <Item8>
        <PackageName Value="FCL"/>
      </Item8>
      <Item9>
        <PackageName Value="LCL"/>
      </Item9>
    </RequiredPackages>
    <Units Count="6">
      <Unit0>
        <Filename Value="prjNFe.lpr"/>
        <IsPartOfProject Value="True"/>
      </Unit0>
      <Unit1>
        <Filename Value="unfe.pas"/>
        <IsPartOfProject Value="True"/>
        <ComponentName Value="fNFe"/>
        <HasResources Value="True"/>
        <ResourceBaseClass Value="Form"/>
        <UnitName Value="uNFe"/>
      </Unit1>
      <Unit2>
        <Filename Value="..\geral\udmpdv.pas"/>
        <IsPartOfProject Value="True"/>
        <ComponentName Value="dmPdv"/>
        <HasResources Value="True"/>
        <ResourceBaseClass Value="DataModule"/>
      </Unit2>
      <Unit3>
        <Filename Value="..\geral\ucertificadoler.pas"/>
        <IsPartOfProject Value="True"/>
        <ComponentName Value="frSelecionarCertificado"/>
        <HasResources Value="True"/>
        <ResourceBaseClass Value="Form"/>
        <UnitName Value="uCertificadoLer"/>
      </Unit3>
      <Unit4>
        <Filename Value="uinutilizar.pas"/>
        <IsPartOfProject Value="True"/>
        <ComponentName Value="fInutlizar"/>
        <HasResources Value="True"/>
        <ResourceBaseClass Value="Form"/>
        <UnitName Value="uInutilizar"/>
      </Unit4>
      <Unit5>
        <Filename Value="..\pdv\uintegracaoodoo.pas"/>
        <IsPartOfProject Value="True"/>
        <UnitName Value="uIntegracaoOdoo"/>
      </Unit5>
    </Units>
  </ProjectOptions>
  <CompilerOptions>
    <Version Value="11"/>
    <PathDelim Value="\"/>
    <Target>
      <Filename Value="C:\home\sisadmin\NFe.exe"/>
    </Target>
    <SearchPaths>
      <IncludeFiles Value="$(ProjOutDir)"/>
      <OtherUnitFiles Value="..\geral;..\pdv"/>
      <UnitOutputDirectory Value="lib\$(TargetCPU)-$(TargetOS)"/>
    </SearchPaths>
    <Linking>
      <Debugging>
        <UseExternalDbgSyms Value="True"/>
      </Debugging>
      <Options>
        <Win32>
          <GraphicApplication Value="True"/>
        </Win32>
      </Options>
    </Linking>
  </CompilerOptions>
  <Debugging>
    <Exceptions Count="5">
      <Item1>
        <Name Value="EAbort"/>
      </Item1>
      <Item2>
        <Name Value="ECodetoolError"/>
      </Item2>
      <Item3>
        <Name Value="EFOpenError"/>
      </Item3>
      <Item4>
        <Name Value="EListError"/>
      </Item4>
      <Item5>
        <Name Value="EACBrDFeException"/>
      </Item5>
    </Exceptions>
  </Debugging>
</CONFIG>
