<?xml version="1.0" encoding="UTF-8"?>
<CONFIG>
  <ProjectOptions>
    <Version Value="12"/>
    <PathDelim Value="\"/>
    <General>
      <Flags>
        <CompatibilityMode Value="True"/>
      </Flags>
      <SessionStorage Value="InProjectDir"/>
      <Title Value="ATS-PDV"/>
      <ResourceType Value="res"/>
      <UseXPManifest Value="True"/>
      <XPManifest>
        <TextName Value="ATSSolucoes.PDV_NFCe.Terminal"/>
        <TextDesc Value="Ponto de Venda ATS"/>
      </XPManifest>
      <Icon Value="0"/>
    </General>
    <VersionInfo>
      <UseVersionInfo Value="True"/>
      <AutoIncrementBuild Value="True"/>
      <MajorVersionNr Value="1"/>
      <MinorVersionNr Value="4"/>
      <BuildNr Value="7"/>
      <Language Value="0416"/>
      <StringTable CompanyName="ATS Soluções"/>
    </VersionInfo>
    <BuildModes Count="1">
      <Item1 Name="Default" Default="True"/>
    </BuildModes>
    <PublishOptions>
      <Version Value="2"/>
    </PublishOptions>
    <RunParams>
      <FormatVersion Value="2"/>
      <Modes Count="1">
        <Mode0 Name="default"/>
      </Modes>
    </RunParams>
    <RequiredPackages Count="14">
      <Item1>
        <PackageName Value="ACBr_Integrador"/>
      </Item1>
      <Item2>
        <PackageName Value="ACBr_SAT_Extrato_ESCPOS"/>
      </Item2>
      <Item3>
        <PackageName Value="ACBr_SAT"/>
      </Item3>
      <Item4>
        <PackageName Value="lhelpcontrolpkg"/>
      </Item4>
      <Item5>
        <PackageName Value="MultiThreadProcsLaz"/>
      </Item5>
      <Item6>
        <PackageName Value="ACBrSerial"/>
      </Item6>
      <Item7>
        <PackageName Value="ACBrDiversos"/>
      </Item7>
      <Item8>
        <PackageName Value="ACBr_NFe_DanfeESCPOS"/>
      </Item8>
      <Item9>
        <PackageName Value="ACBr_NFe"/>
      </Item9>
      <Item10>
        <PackageName Value="DateTimeCtrls"/>
      </Item10>
      <Item11>
        <PackageName Value="FCL"/>
      </Item11>
      <Item12>
        <PackageName Value="RunTimeTypeInfoControls"/>
      </Item12>
      <Item13>
        <PackageName Value="SynEdit"/>
      </Item13>
      <Item14>
        <PackageName Value="LCL"/>
      </Item14>
    </RequiredPackages>
    <Units Count="37">
      <Unit0>
        <Filename Value="prjPDV.lpr"/>
        <IsPartOfProject Value="True"/>
      </Unit0>
      <Unit1>
        <Filename Value="updv.pas"/>
        <IsPartOfProject Value="True"/>
        <ComponentName Value="fPdv"/>
        <HasResources Value="True"/>
        <ResourceBaseClass Value="Form"/>
        <UnitName Value="uPdv"/>
      </Unit1>
      <Unit2>
        <Filename Value="updv_rec.pas"/>
        <IsPartOfProject Value="True"/>
        <ComponentName Value="fPDV_Rec"/>
        <HasResources Value="True"/>
        <ResourceBaseClass Value="Form"/>
      </Unit2>
      <Unit3>
        <Filename Value="..\geral\umovimento.pas"/>
        <IsPartOfProject Value="True"/>
        <UnitName Value="uMovimento"/>
      </Unit3>
      <Unit4>
        <Filename Value="..\geral\umovimentodetalhe.pas"/>
        <IsPartOfProject Value="True"/>
        <UnitName Value="uMovimentoDetalhe"/>
      </Unit4>
      <Unit5>
        <Filename Value="..\geral\udmpdv.pas"/>
        <IsPartOfProject Value="True"/>
        <ComponentName Value="dmPdv"/>
        <HasResources Value="True"/>
        <ResourceBaseClass Value="DataModule"/>
      </Unit5>
      <Unit6>
        <Filename Value="uprodutoproc.pas"/>
        <IsPartOfProject Value="True"/>
        <ComponentName Value="fProdutoProc"/>
        <HasResources Value="True"/>
        <ResourceBaseClass Value="Form"/>
        <UnitName Value="uProdutoProc"/>
      </Unit6>
      <Unit7>
        <Filename Value="..\geral\umovimentoproc.pas"/>
        <IsPartOfProject Value="True"/>
        <ComponentName Value="fMovimentoProc"/>
        <HasResources Value="True"/>
        <ResourceBaseClass Value="Form"/>
        <UnitName Value="uMovimentoProc"/>
      </Unit7>
      <Unit8>
        <Filename Value="uexecutaintegracao.pas"/>
        <IsPartOfProject Value="True"/>
        <ComponentName Value="fExecutaIntegracao"/>
        <HasResources Value="True"/>
        <ResourceBaseClass Value="Form"/>
        <UnitName Value="uExecutaIntegracao"/>
      </Unit8>
      <Unit9>
        <Filename Value="..\geral\uvenda.pas"/>
        <IsPartOfProject Value="True"/>
      </Unit9>
      <Unit10>
        <Filename Value="..\geral\urecebimento.pas"/>
        <IsPartOfProject Value="True"/>
        <UnitName Value="uRecebimento"/>
      </Unit10>
      <Unit11>
        <Filename Value="ulogin.pas"/>
        <IsPartOfProject Value="True"/>
        <ComponentName Value="fLogin"/>
        <HasResources Value="True"/>
        <ResourceBaseClass Value="Form"/>
        <UnitName Value="uLogin"/>
      </Unit11>
      <Unit12>
        <Filename Value="uvendedorbusca.pas"/>
        <IsPartOfProject Value="True"/>
        <ComponentName Value="fVendedorBusca"/>
        <HasResources Value="True"/>
        <ResourceBaseClass Value="Form"/>
        <UnitName Value="uVendedorBusca"/>
      </Unit12>
      <Unit13>
        <Filename Value="uclientebusca.pas"/>
        <IsPartOfProject Value="True"/>
        <ComponentName Value="fClienteBusca"/>
        <HasResources Value="True"/>
        <ResourceBaseClass Value="Form"/>
        <UnitName Value="uClienteBusca"/>
      </Unit13>
      <Unit14>
        <Filename Value="usenhanova.pas"/>
        <IsPartOfProject Value="True"/>
        <ComponentName Value="fSenhaNova"/>
        <HasResources Value="True"/>
        <ResourceBaseClass Value="Form"/>
        <UnitName Value="uSenhaNova"/>
      </Unit14>
      <Unit15>
        <Filename Value="upermissao.pas"/>
        <IsPartOfProject Value="True"/>
        <ComponentName Value="fPermissao"/>
        <HasResources Value="True"/>
        <ResourceBaseClass Value="Form"/>
        <UnitName Value="uPermissao"/>
      </Unit15>
      <Unit16>
        <Filename Value="uexcluiritem.pas"/>
        <IsPartOfProject Value="True"/>
        <ComponentName Value="fExclusao"/>
        <HasResources Value="True"/>
        <ResourceBaseClass Value="Form"/>
        <UnitName Value="uExcluirItem"/>
      </Unit16>
      <Unit17>
        <Filename Value="unfce.pas"/>
        <IsPartOfProject Value="True"/>
        <ComponentName Value="fNfce"/>
        <HasResources Value="True"/>
        <ResourceBaseClass Value="Form"/>
        <UnitName Value="uNfce"/>
      </Unit17>
      <Unit18>
        <Filename Value="..\geral\ucertificadoler.pas"/>
        <IsPartOfProject Value="True"/>
        <ComponentName Value="frSelecionarCertificado"/>
        <HasResources Value="True"/>
        <ResourceBaseClass Value="Form"/>
        <UnitName Value="uCertificadoLer"/>
      </Unit18>
      <Unit19>
        <Filename Value="uabrircaixa.pas"/>
        <IsPartOfProject Value="True"/>
        <ComponentName Value="fAbrirCaixa"/>
        <HasResources Value="True"/>
        <ResourceBaseClass Value="Form"/>
      </Unit19>
      <Unit20>
        <Filename Value="usangria.pas"/>
        <IsPartOfProject Value="True"/>
        <ComponentName Value="fSangria"/>
        <HasResources Value="True"/>
        <ResourceBaseClass Value="Form"/>
      </Unit20>
      <Unit21>
        <Filename Value="ucadeira.pas"/>
        <IsPartOfProject Value="True"/>
        <ComponentName Value="fCadeira"/>
        <HasResources Value="True"/>
        <ResourceBaseClass Value="Form"/>
        <UnitName Value="uCadeira"/>
      </Unit21>
      <Unit22>
        <Filename Value="..\geral\uCompraCls.pas"/>
        <IsPartOfProject Value="True"/>
      </Unit22>
      <Unit23>
        <Filename Value="..\geral\uutil.pas"/>
        <IsPartOfProject Value="True"/>
        <UnitName Value="uUtil"/>
      </Unit23>
      <Unit24>
        <Filename Value="uabrircaixa2.pas"/>
        <IsPartOfProject Value="True"/>
        <ComponentName Value="fAbreCaixa"/>
        <HasResources Value="True"/>
        <ResourceBaseClass Value="Form"/>
        <UnitName Value="uAbrirCaixa2"/>
      </Unit24>
      <Unit25>
        <Filename Value="ucursobusca.pas"/>
        <IsPartOfProject Value="True"/>
        <ComponentName Value="fCursoBusca"/>
        <HasResources Value="True"/>
        <ResourceBaseClass Value="Form"/>
        <UnitName Value="uCursoBusca"/>
      </Unit25>
      <Unit26>
        <Filename Value="ualunobusca.pas"/>
        <IsPartOfProject Value="True"/>
        <ComponentName Value="fAlunoBusca"/>
        <HasResources Value="True"/>
        <ResourceBaseClass Value="Form"/>
        <UnitName Value="uAlunoBusca"/>
      </Unit26>
      <Unit27>
        <Filename Value="ucomandajuntar.pas"/>
        <IsPartOfProject Value="True"/>
        <ComponentName Value="fComandaJuntar"/>
        <HasResources Value="True"/>
        <ResourceBaseClass Value="Form"/>
        <UnitName Value="uComandaJuntar"/>
      </Unit27>
      <Unit28>
        <Filename Value="ureceber.pas"/>
        <IsPartOfProject Value="True"/>
        <ComponentName Value="fRecebimento"/>
        <HasResources Value="True"/>
        <ResourceBaseClass Value="Form"/>
        <UnitName Value="uReceber"/>
      </Unit28>
      <Unit29>
        <Filename Value="..\geral\ufrmStatus.pas"/>
        <IsPartOfProject Value="True"/>
        <ComponentName Value="frmStatus"/>
        <HasResources Value="True"/>
        <ResourceBaseClass Value="Form"/>
      </Unit29>
      <Unit30>
        <Filename Value="..\geral\upadraobusca.pas"/>
        <IsPartOfProject Value="True"/>
        <ComponentName Value="fPadraoBusca"/>
        <HasResources Value="True"/>
        <ResourceBaseClass Value="Form"/>
        <UnitName Value="uPadraoBusca"/>
      </Unit30>
      <Unit31>
        <Filename Value="uestoqueexecuta.pas"/>
        <IsPartOfProject Value="True"/>
        <UnitName Value="uEstoqueExecuta"/>
      </Unit31>
      <Unit32>
        <Filename Value="uintegracaoodoo.pas"/>
        <IsPartOfProject Value="True"/>
        <UnitName Value="uIntegracaoOdoo"/>
      </Unit32>
      <Unit33>
        <Filename Value="..\geral\jsontools.pas"/>
        <IsPartOfProject Value="True"/>
        <UnitName Value="JsonTools"/>
      </Unit33>
      <Unit34>
        <Filename Value="..\integra_odoo\uintegrasimples.pas"/>
        <IsPartOfProject Value="True"/>
        <ComponentName Value="fIntegracaoOdoo"/>
        <HasResources Value="True"/>
        <ResourceBaseClass Value="Form"/>
        <UnitName Value="uIntegraSimples"/>
      </Unit34>
      <Unit35>
        <Filename Value="umsg.pas"/>
        <IsPartOfProject Value="True"/>
        <ComponentName Value="fMsg"/>
        <HasResources Value="True"/>
        <ResourceBaseClass Value="Form"/>
        <UnitName Value="uMsg"/>
      </Unit35>
      <Unit36>
        <Filename Value="usaldo.pas"/>
        <IsPartOfProject Value="True"/>
        <ComponentName Value="fsaldo"/>
        <HasResources Value="True"/>
        <ResourceBaseClass Value="Form"/>
      </Unit36>
    </Units>
  </ProjectOptions>
  <CompilerOptions>
    <Version Value="11"/>
    <PathDelim Value="\"/>
    <Target>
      <Filename Value="C:\home\felicita_linux\prjPDV"/>
    </Target>
    <SearchPaths>
      <IncludeFiles Value="$(ProjOutDir)"/>
      <OtherUnitFiles Value="..\geral;..;..\integra_odoo"/>
      <UnitOutputDirectory Value="lib\$(TargetCPU)-$(TargetOS)"/>
    </SearchPaths>
    <Parsing>
      <SyntaxOptions>
        <IncludeAssertionCode Value="True"/>
      </SyntaxOptions>
    </Parsing>
    <CodeGeneration>
      <Checks>
        <IOChecks Value="True"/>
        <OverflowChecks Value="True"/>
      </Checks>
      <VerifyObjMethodCallValidity Value="True"/>
    </CodeGeneration>
    <Linking>
      <Debugging>
        <DebugInfoType Value="dsDwarf2Set"/>
        <UseExternalDbgSyms Value="True"/>
      </Debugging>
      <Options>
        <Win32>
          <GraphicApplication Value="True"/>
        </Win32>
      </Options>
    </Linking>
    <Other>
      <ConfigFile>
        <StopAfterErrCount Value="5"/>
      </ConfigFile>
    </Other>
  </CompilerOptions>
  <Debugging>
    <Exceptions Count="8">
      <Item1>
        <Name Value="EAbort"/>
      </Item1>
      <Item2>
        <Name Value="ECodetoolError"/>
      </Item2>
      <Item3>
        <Name Value="EFOpenError"/>
      </Item3>
      <Item4>
        <Name Value="EIBDatabaseError"/>
      </Item4>
      <Item5>
        <Name Value="ESocketError"/>
      </Item5>
      <Item6>
        <Name Value="RunError(5)"/>
      </Item6>
      <Item7>
        <Name Value="EInOutError"/>
      </Item7>
      <Item8>
        <Name Value="EHTTPClient"/>
      </Item8>
    </Exceptions>
  </Debugging>
</CONFIG>
