<?xml version="1.0" encoding="UTF-8"?>
<CONFIG>
  <ProjectOptions>
    <Version Value="11"/>
    <PathDelim Value="\"/>
    <General>
      <SessionStorage Value="InProjectDir"/>
      <MainUnit Value="0"/>
      <Title Value="ATS Conhecimento Transportes (CTe)"/>
      <Scaled Value="True"/>
      <UseAppBundle Value="False"/>
      <ResourceType Value="res"/>
      <UseXPManifest Value="True"/>
      <XPManifest>
        <DpiAware Value="True"/>
        <TextName Value="AtsSolucoes.AdmAplication.CteApp"/>
        <TextDesc Value="Gerador de Cte"/>
      </XPManifest>
      <Icon Value="0"/>
    </General>
    <VersionInfo>
      <UseVersionInfo Value="True"/>
      <AutoIncrementBuild Value="True"/>
      <MajorVersionNr Value="1"/>
      <BuildNr Value="4"/>
      <Language Value="0416"/>
      <StringTable CompanyName="ATS Soluções" FileDescription="Conhecimento de Transporte Eletrônico" LegalCopyright="ATS Soluções" ProductName="ATS-CTe" ProductVersion="1.0/2020"/>
    </VersionInfo>
    <BuildModes Count="1">
      <Item1 Name="Default" Default="True"/>
    </BuildModes>
    <PublishOptions>
      <Version Value="2"/>
      <UseFileFilters Value="True"/>
    </PublishOptions>
    <RunParams>
      <FormatVersion Value="2"/>
      <Modes Count="0"/>
    </RunParams>
    <RequiredPackages Count="7">
      <Item1>
        <PackageName Value="ACBr_CTe_DACTeRL"/>
      </Item1>
      <Item2>
        <PackageName Value="zcomponent"/>
      </Item2>
      <Item3>
        <PackageName Value="ACBr_NFe"/>
      </Item3>
      <Item4>
        <PackageName Value="DateTimeCtrls"/>
      </Item4>
      <Item5>
        <PackageName Value="ACBr_CTe"/>
      </Item5>
      <Item6>
        <PackageName Value="FCL"/>
      </Item6>
      <Item7>
        <PackageName Value="LCL"/>
      </Item7>
    </RequiredPackages>
    <Units Count="14">
      <Unit0>
        <Filename Value="prjCTe.lpr"/>
        <IsPartOfProject Value="True"/>
      </Unit0>
      <Unit1>
        <Filename Value="ucteprincipal.pas"/>
        <IsPartOfProject Value="True"/>
        <ComponentName Value="fCTePrincipal"/>
        <HasResources Value="True"/>
        <ResourceBaseClass Value="Form"/>
        <UnitName Value="uCtePrincipal"/>
      </Unit1>
      <Unit2>
        <Filename Value="..\geral\udmpdv.pas"/>
        <IsPartOfProject Value="True"/>
        <ComponentName Value="dmPdv"/>
        <HasResources Value="True"/>
        <ResourceBaseClass Value="DataModule"/>
      </Unit2>
      <Unit3>
        <Filename Value="udmcte.pas"/>
        <IsPartOfProject Value="True"/>
        <ComponentName Value="dmCte"/>
        <HasResources Value="True"/>
        <ResourceBaseClass Value="DataModule"/>
        <UnitName Value="uDmCte"/>
      </Unit3>
      <Unit4>
        <Filename Value="unfe.pas"/>
        <IsPartOfProject Value="True"/>
        <ComponentName Value="fNFe"/>
        <HasResources Value="True"/>
        <ResourceBaseClass Value="Form"/>
        <UnitName Value="uNFe"/>
      </Unit4>
      <Unit5>
        <Filename Value="..\geral\ufrmStatus.pas"/>
        <IsPartOfProject Value="True"/>
        <ComponentName Value="frmStatus"/>
        <HasResources Value="True"/>
        <ResourceBaseClass Value="Form"/>
      </Unit5>
      <Unit6>
        <Filename Value="ucompvalor.pas"/>
        <IsPartOfProject Value="True"/>
        <ComponentName Value="fCompValor"/>
        <HasResources Value="True"/>
        <ResourceBaseClass Value="Form"/>
        <UnitName Value="uCompValor"/>
      </Unit6>
      <Unit7>
        <Filename Value="uquantcarga.pas"/>
        <IsPartOfProject Value="True"/>
        <ComponentName Value="fQuantCarga"/>
        <HasResources Value="True"/>
        <ResourceBaseClass Value="Form"/>
        <UnitName Value="uQuantCarga"/>
      </Unit7>
      <Unit8>
        <Filename Value="..\geral\uclientebusca.pas"/>
        <IsPartOfProject Value="True"/>
        <ComponentName Value="fClienteBusca"/>
        <HasResources Value="True"/>
        <ResourceBaseClass Value="Form"/>
        <UnitName Value="uClienteBusca"/>
      </Unit8>
      <Unit9>
        <Filename Value="..\geral\upadraobusca.pas"/>
        <IsPartOfProject Value="True"/>
        <ComponentName Value="fPadraoBusca"/>
        <HasResources Value="True"/>
        <ResourceBaseClass Value="Form"/>
        <UnitName Value="uPadraoBusca"/>
      </Unit9>
      <Unit10>
        <Filename Value="..\geral\umunicipiobusca.pas"/>
        <IsPartOfProject Value="True"/>
        <ComponentName Value="fMunicipioBusca"/>
        <HasResources Value="True"/>
        <ResourceBaseClass Value="Form"/>
      </Unit10>
      <Unit11>
        <Filename Value="..\geral\upadrao.pas"/>
        <IsPartOfProject Value="True"/>
        <ComponentName Value="fPadrao"/>
        <HasResources Value="True"/>
        <ResourceBaseClass Value="Form"/>
        <UnitName Value="uPadrao"/>
      </Unit11>
      <Unit12>
        <Filename Value="uveiculocte.pas"/>
        <IsPartOfProject Value="True"/>
        <ComponentName Value="fVeiculoCte"/>
        <HasResources Value="True"/>
        <ResourceBaseClass Value="Form"/>
        <UnitName Value="uVeiculoCte"/>
      </Unit12>
      <Unit13>
        <Filename Value="..\geral\ucertificadoler.pas"/>
        <IsPartOfProject Value="True"/>
        <ComponentName Value="frSelecionarCertificado"/>
        <HasResources Value="True"/>
        <ResourceBaseClass Value="Form"/>
        <UnitName Value="uCertificadoLer"/>
      </Unit13>
    </Units>
  </ProjectOptions>
  <CompilerOptions>
    <Version Value="11"/>
    <PathDelim Value="\"/>
    <Target>
      <Filename Value="\home\publico\tmp\ats_CTe"/>
    </Target>
    <SearchPaths>
      <IncludeFiles Value="$(ProjOutDir)"/>
      <OtherUnitFiles Value="..\geral"/>
      <UnitOutputDirectory Value="lib\$(TargetCPU)-$(TargetOS)"/>
    </SearchPaths>
    <Linking>
      <Debugging>
        <GenerateDebugInfo Value="False"/>
      </Debugging>
      <Options>
        <Win32>
          <GraphicApplication Value="True"/>
        </Win32>
      </Options>
    </Linking>
  </CompilerOptions>
  <Debugging>
    <Exceptions Count="4">
      <Item1>
        <Name Value="EAbort"/>
      </Item1>
      <Item2>
        <Name Value="ECodetoolError"/>
      </Item2>
      <Item3>
        <Name Value="EFOpenError"/>
      </Item3>
      <Item4>
        <Name Value="EIBDatabaseError"/>
      </Item4>
    </Exceptions>
  </Debugging>
</CONFIG>
